
Microsoft Visual Studio Solution File, Format Version 12.00
# Visual Studio Version 16
VisualStudioVersion = 16.0.31205.134
MinimumVisualStudioVersion = 10.0.40219.1
Project("{FAE04EC0-301F-11D3-BF4B-00C04F79EFBC}") = "TesteCastGroup.API", "TesteCastGroup\TesteCastGroup.API.csproj", "{D51BFCF5-8212-491C-B52F-6DDFB4D2E6B9}"
EndProject
Project("{FAE04EC0-301F-11D3-BF4B-00C04F79EFBC}") = "TesteCastGroup.Library", "TesteCastGroup.Library\TesteCastGroup.Library.csproj", "{1FAE51D5-C959-42E5-9CE6-309E88483763}"
EndProject
Global
	GlobalSection(SolutionConfigurationPlatforms) = preSolution
		Debug|Any CPU = Debug|Any CPU
		Release|Any CPU = Release|Any CPU
	EndGlobalSection
	GlobalSection(ProjectConfigurationPlatforms) = postSolution
		{D51BFCF5-8212-491C-B52F-6DDFB4D2E6B9}.Debug|Any CPU.ActiveCfg = Debug|Any CPU
		{D51BFCF5-8212-491C-B52F-6DDFB4D2E6B9}.Debug|Any CPU.Build.0 = Debug|Any CPU
		{D51BFCF5-8212-491C-B52F-6DDFB4D2E6B9}.Release|Any CPU.ActiveCfg = Release|Any CPU
		{D51BFCF5-8212-491C-B52F-6DDFB4D2E6B9}.Release|Any CPU.Build.0 = Release|Any CPU
		{1FAE51D5-C959-42E5-9CE6-309E88483763}.Debug|Any CPU.ActiveCfg = Debug|Any CPU
		{1FAE51D5-C959-42E5-9CE6-309E88483763}.Debug|Any CPU.Build.0 = Debug|Any CPU
		{1FAE51D5-C959-42E5-9CE6-309E88483763}.Release|Any CPU.ActiveCfg = Release|Any CPU
		{1FAE51D5-C959-42E5-9CE6-309E88483763}.Release|Any CPU.Build.0 = Release|Any CPU
	EndGlobalSection
	GlobalSection(SolutionProperties) = preSolution
		HideSolutionNode = FALSE
	EndGlobalSection
	GlobalSection(ExtensibilityGlobals) = postSolution
		SolutionGuid = {748D448D-040B-4A72-9525-74B67970AA89}
	EndGlobalSection
EndGlobal
